# This file is automatically @generated by Cargo.
# It is not intended for manual editing.
version = 3

[[package]]
name = "hound"
version = "3.4.0"
source = "registry+https://github.com/rust-lang/crates.io-index"
checksum = "8a164bb2ceaeff4f42542bdb847c41517c78a60f5649671b2a07312b6e117549"

[[package]]
name = "kaudio"
version = "0.1.0"
dependencies = [
 "hound",
 "kwasm",
 "wasm_set_stack_pointer",
]

[[package]]
name = "koi_audio"
version = "0.1.0"
dependencies = [
 "kaudio",
 "oddio",
]

[[package]]
name = "kwasm"
version = "0.1.0"
dependencies = [
 "once_cell",
 "wasm_set_stack_pointer",
]

[[package]]
name = "mint"
version = "0.5.9"
source = "registry+https://github.com/rust-lang/crates.io-index"
checksum = "e53debba6bda7a793e5f99b8dacf19e626084f525f7829104ba9898f367d85ff"

[[package]]
name = "oddio"
version = "0.6.0"
source = "git+https://github.com/Ralith/oddio/#d97b657f62fcec2e2c9e0d4d1334688e7fe364f6"
dependencies = [
 "mint",
]

[[package]]
name = "once_cell"
version = "1.13.0"
source = "registry+https://github.com/rust-lang/crates.io-index"
checksum = "18a6dbe30758c9f83eb00cbea4ac95966305f5a7772f3f42ebfc7fc7eddbd8e1"

[[package]]
name = "wasm_set_stack_pointer"
version = "0.1.0"
