# This file is automatically @generated by Cargo.
# It is not intended for manual editing.
version = 3

[[package]]
name = "hermit-abi"
version = "0.1.19"
source = "registry+https://github.com/rust-lang/crates.io-index"
checksum = "62b467343b94ba476dcb2500d242dadbb39557df889310ac77c5d99100aaac33"
dependencies = [
 "libc",
]

[[package]]
name = "kcolor"
version = "0.1.0"
dependencies = [
 "kecs",
 "kmath",
 "kolor",
 "kserde",
]

[[package]]
name = "kecs"
version = "0.1.0"
dependencies = [
 "kecs_derive",
 "ktasks",
]

[[package]]
name = "kecs_derive"
version = "0.1.0"
dependencies = [
 "kecs_derive_impl",
 "kreflect_common",
 "kserde_derive_impl",
]

[[package]]
name = "kecs_derive_impl"
version = "0.1.0"
dependencies = [
 "kreflect_common",
]

[[package]]
name = "klog"
version = "0.1.0"
dependencies = [
 "kwasm",
]

[[package]]
name = "kmath"
version = "0.1.0"
dependencies = [
 "kserde",
]

[[package]]
name = "kolor"
version = "0.1.8"
source = "registry+https://github.com/rust-lang/crates.io-index"
checksum = "933f5089153715eca1db92432ae036e7b10fbc412e3a39c99f0c51e1ceff2de7"

[[package]]
name = "kreflect_common"
version = "0.1.0"

[[package]]
name = "kserde"
version = "0.1.0"
dependencies = [
 "kserde_derive",
]

[[package]]
name = "kserde_derive"
version = "0.1.0"
dependencies = [
 "kreflect_common",
 "kserde_derive_impl",
]

[[package]]
name = "kserde_derive_impl"
version = "0.1.0"
dependencies = [
 "kreflect_common",
]

[[package]]
name = "ktasks"
version = "0.1.0"
dependencies = [
 "klog",
 "kwasm",
 "num_cpus",
]

[[package]]
name = "kwasm"
version = "0.1.0"
dependencies = [
 "once_cell",
 "wasm_set_stack_pointer",
]

[[package]]
name = "libc"
version = "0.2.129"
source = "registry+https://github.com/rust-lang/crates.io-index"
checksum = "64de3cc433455c14174d42e554d4027ee631c4d046d43e3ecc6efc4636cdc7a7"

[[package]]
name = "num_cpus"
version = "1.13.1"
source = "registry+https://github.com/rust-lang/crates.io-index"
checksum = "19e64526ebdee182341572e50e9ad03965aa510cd94427a4549448f285e957a1"
dependencies = [
 "hermit-abi",
 "libc",
]

[[package]]
name = "once_cell"
version = "1.13.0"
source = "registry+https://github.com/rust-lang/crates.io-index"
checksum = "18a6dbe30758c9f83eb00cbea4ac95966305f5a7772f3f42ebfc7fc7eddbd8e1"

[[package]]
name = "renderer_common"
version = "0.1.0"
dependencies = [
 "kcolor",
]

[[package]]
name = "wasm_set_stack_pointer"
version = "0.1.0"
